
Microsoft Visual Studio Solution File, Format Version 12.00
# Visual Studio Version 16
VisualStudioVersion = 16.0.33214.272
MinimumVisualStudioVersion = 10.0.40219.1
Project("{FAE04EC0-301F-11D3-BF4B-00C04F79EFBC}") = "WpfApp1", "WpfApp1\WpfApp1.csproj", "{73DA546C-1A15-4322-B5E4-EA66ACB60210}"
EndProject
Global
	GlobalSection(SolutionConfigurationPlatforms) = preSolution
		Debug|Any CPU = Debug|Any CPU
		Release|Any CPU = Release|Any CPU
	EndGlobalSection
	GlobalSection(ProjectConfigurationPlatforms) = postSolution
		{73DA546C-1A15-4322-B5E4-EA66ACB60210}.Debug|Any CPU.ActiveCfg = Debug|Any CPU
		{73DA546C-1A15-4322-B5E4-EA66ACB60210}.Debug|Any CPU.Build.0 = Debug|Any CPU
		{73DA546C-1A15-4322-B5E4-EA66ACB60210}.Release|Any CPU.ActiveCfg = Release|Any CPU
		{73DA546C-1A15-4322-B5E4-EA66ACB60210}.Release|Any CPU.Build.0 = Release|Any CPU
	EndGlobalSection
	GlobalSection(SolutionProperties) = preSolution
		HideSolutionNode = FALSE
	EndGlobalSection
	GlobalSection(ExtensibilityGlobals) = postSolution
		SolutionGuid = {1079993A-738B-4243-B33A-2DF711A7CEB9}
	EndGlobalSection
EndGlobal
